
Microsoft Visual Studio Solution File, Format Version 12.00
# Visual Studio Version 16
VisualStudioVersion = 16.0.30104.148
MinimumVisualStudioVersion = 10.0.40219.1
Project("{9A19103F-16F7-4668-BE54-9A1E7A4F7556}") = "Service", "Service\Service.csproj", "{9481BDF7-E97A-4716-B6C4-727D0E1F40A8}"
EndProject
Project("{9A19103F-16F7-4668-BE54-9A1E7A4F7556}") = "Models", "Models\Models.csproj", "{CECC5B1D-2D72-420B-8A0B-CFD5CF7CCA16}"
EndProject
Project("{9A19103F-16F7-4668-BE54-9A1E7A4F7556}") = "BusinessLogic", "BusinessLogic\BusinessLogic.csproj", "{B529371A-3A9C-413D-B413-0B0948176CA5}"
EndProject
Project("{9A19103F-16F7-4668-BE54-9A1E7A4F7556}") = "Entities", "Entities\Entities.csproj", "{CA3E09DA-E6B5-415E-BF2C-E48D595DC835}"
EndProject
Project("{9A19103F-16F7-4668-BE54-9A1E7A4F7556}") = "DataAccess", "DataAccess\DataAccess.csproj", "{A9166684-5ED1-443C-B7BE-D5341A711C8D}"
EndProject
Project("{2150E333-8FDC-42A3-9474-1A3956D46DE8}") = "01-Entities", "01-Entities", "{2833286B-85F0-4C2D-BB37-5F49BE7B3574}"
EndProject
Project("{2150E333-8FDC-42A3-9474-1A3956D46DE8}") = "02-Models", "02-Models", "{BAA2480D-3A3D-4440-88B2-006584497831}"
EndProject
Project("{2150E333-8FDC-42A3-9474-1A3956D46DE8}") = "03-DataAccess", "03-DataAccess", "{21BA7CEC-0D4E-4E01-8B3A-6831FC72881C}"
EndProject
Project("{2150E333-8FDC-42A3-9474-1A3956D46DE8}") = "04-BusinessLogic", "04-BusinessLogic", "{EB7FD5CF-19C4-49CB-9B3A-0351CB3526F0}"
EndProject
Project("{2150E333-8FDC-42A3-9474-1A3956D46DE8}") = "05-Services", "05-Services", "{309E301D-8CA1-4AC4-A89D-A2B395430356}"
EndProject
Project("{2150E333-8FDC-42A3-9474-1A3956D46DE8}") = "06-UnitTests", "06-UnitTests", "{00710F5D-7E7A-4766-9716-062F796DE2A2}"
EndProject
Project("{2150E333-8FDC-42A3-9474-1A3956D46DE8}") = "BusinessLogic", "BusinessLogic", "{21CEC2DB-0806-408E-8B27-7B7EE14A26EE}"
EndProject
Project("{9A19103F-16F7-4668-BE54-9A1E7A4F7556}") = "BusinessLogicTests", "BusinessLogicTests\BusinessLogicTests.csproj", "{1962ACC6-2DD4-412A-8B06-72C079F09762}"
EndProject
Project("{2150E333-8FDC-42A3-9474-1A3956D46DE8}") = "07-HelloMe", "07-HelloMe", "{4CBFEF08-A88E-48FB-8D02-F7A9759F984E}"
EndProject
Project("{FAE04EC0-301F-11D3-BF4B-00C04F79EFBC}") = "HelloMe", "HelloMe\HelloMe.csproj", "{1F48C48A-E86A-436E-8467-1642F1264C06}"
EndProject
Project("{2150E333-8FDC-42A3-9474-1A3956D46DE8}") = "08-SolutionItems", "08-SolutionItems", "{99AF0E0B-29F7-4ED5-B906-4969DEC28C92}"
EndProject
Project("{2150E333-8FDC-42A3-9474-1A3956D46DE8}") = ".nuget", ".nuget", "{3F74DC4A-4FA4-4A10-98FF-ABDDA78318A8}"
	ProjectSection(SolutionItems) = preProject
		nuget.Config = nuget.Config
	EndProjectSection
EndProject
Global
	GlobalSection(SolutionConfigurationPlatforms) = preSolution
		Debug|Any CPU = Debug|Any CPU
		Release|Any CPU = Release|Any CPU
	EndGlobalSection
	GlobalSection(ProjectConfigurationPlatforms) = postSolution
		{9481BDF7-E97A-4716-B6C4-727D0E1F40A8}.Debug|Any CPU.ActiveCfg = Debug|Any CPU
		{9481BDF7-E97A-4716-B6C4-727D0E1F40A8}.Debug|Any CPU.Build.0 = Debug|Any CPU
		{9481BDF7-E97A-4716-B6C4-727D0E1F40A8}.Release|Any CPU.ActiveCfg = Release|Any CPU
		{9481BDF7-E97A-4716-B6C4-727D0E1F40A8}.Release|Any CPU.Build.0 = Release|Any CPU
		{CECC5B1D-2D72-420B-8A0B-CFD5CF7CCA16}.Debug|Any CPU.ActiveCfg = Debug|Any CPU
		{CECC5B1D-2D72-420B-8A0B-CFD5CF7CCA16}.Debug|Any CPU.Build.0 = Debug|Any CPU
		{CECC5B1D-2D72-420B-8A0B-CFD5CF7CCA16}.Release|Any CPU.ActiveCfg = Release|Any CPU
		{CECC5B1D-2D72-420B-8A0B-CFD5CF7CCA16}.Release|Any CPU.Build.0 = Release|Any CPU
		{B529371A-3A9C-413D-B413-0B0948176CA5}.Debug|Any CPU.ActiveCfg = Debug|Any CPU
		{B529371A-3A9C-413D-B413-0B0948176CA5}.Debug|Any CPU.Build.0 = Debug|Any CPU
		{B529371A-3A9C-413D-B413-0B0948176CA5}.Release|Any CPU.ActiveCfg = Release|Any CPU
		{B529371A-3A9C-413D-B413-0B0948176CA5}.Release|Any CPU.Build.0 = Release|Any CPU
		{CA3E09DA-E6B5-415E-BF2C-E48D595DC835}.Debug|Any CPU.ActiveCfg = Debug|Any CPU
		{CA3E09DA-E6B5-415E-BF2C-E48D595DC835}.Debug|Any CPU.Build.0 = Debug|Any CPU
		{CA3E09DA-E6B5-415E-BF2C-E48D595DC835}.Release|Any CPU.ActiveCfg = Release|Any CPU
		{CA3E09DA-E6B5-415E-BF2C-E48D595DC835}.Release|Any CPU.Build.0 = Release|Any CPU
		{A9166684-5ED1-443C-B7BE-D5341A711C8D}.Debug|Any CPU.ActiveCfg = Debug|Any CPU
		{A9166684-5ED1-443C-B7BE-D5341A711C8D}.Debug|Any CPU.Build.0 = Debug|Any CPU
		{A9166684-5ED1-443C-B7BE-D5341A711C8D}.Release|Any CPU.ActiveCfg = Release|Any CPU
		{A9166684-5ED1-443C-B7BE-D5341A711C8D}.Release|Any CPU.Build.0 = Release|Any CPU
		{1962ACC6-2DD4-412A-8B06-72C079F09762}.Debug|Any CPU.ActiveCfg = Debug|Any CPU
		{1962ACC6-2DD4-412A-8B06-72C079F09762}.Debug|Any CPU.Build.0 = Debug|Any CPU
		{1962ACC6-2DD4-412A-8B06-72C079F09762}.Release|Any CPU.ActiveCfg = Release|Any CPU
		{1962ACC6-2DD4-412A-8B06-72C079F09762}.Release|Any CPU.Build.0 = Release|Any CPU
		{1F48C48A-E86A-436E-8467-1642F1264C06}.Debug|Any CPU.ActiveCfg = Debug|Any CPU
		{1F48C48A-E86A-436E-8467-1642F1264C06}.Debug|Any CPU.Build.0 = Debug|Any CPU
		{1F48C48A-E86A-436E-8467-1642F1264C06}.Release|Any CPU.ActiveCfg = Release|Any CPU
		{1F48C48A-E86A-436E-8467-1642F1264C06}.Release|Any CPU.Build.0 = Release|Any CPU
	EndGlobalSection
	GlobalSection(SolutionProperties) = preSolution
		HideSolutionNode = FALSE
	EndGlobalSection
	GlobalSection(NestedProjects) = preSolution
		{9481BDF7-E97A-4716-B6C4-727D0E1F40A8} = {309E301D-8CA1-4AC4-A89D-A2B395430356}
		{CECC5B1D-2D72-420B-8A0B-CFD5CF7CCA16} = {BAA2480D-3A3D-4440-88B2-006584497831}
		{B529371A-3A9C-413D-B413-0B0948176CA5} = {EB7FD5CF-19C4-49CB-9B3A-0351CB3526F0}
		{CA3E09DA-E6B5-415E-BF2C-E48D595DC835} = {2833286B-85F0-4C2D-BB37-5F49BE7B3574}
		{A9166684-5ED1-443C-B7BE-D5341A711C8D} = {21BA7CEC-0D4E-4E01-8B3A-6831FC72881C}
		{21CEC2DB-0806-408E-8B27-7B7EE14A26EE} = {00710F5D-7E7A-4766-9716-062F796DE2A2}
		{1962ACC6-2DD4-412A-8B06-72C079F09762} = {21CEC2DB-0806-408E-8B27-7B7EE14A26EE}
		{1F48C48A-E86A-436E-8467-1642F1264C06} = {4CBFEF08-A88E-48FB-8D02-F7A9759F984E}
		{3F74DC4A-4FA4-4A10-98FF-ABDDA78318A8} = {99AF0E0B-29F7-4ED5-B906-4969DEC28C92}
	EndGlobalSection
	GlobalSection(ExtensibilityGlobals) = postSolution
		SolutionGuid = {0BB2076F-C89E-4FF3-B664-FCEA3C693E26}
	EndGlobalSection
EndGlobal
